
Microsoft Visual Studio Solution File, Format Version 12.00
# Visual Studio 14
VisualStudioVersion = 14.0.25420.1
MinimumVisualStudioVersion = 10.0.40219.1
Project("{FAE04EC0-301F-11D3-BF4B-00C04F79EFBC}") = "CustomListClass", "CustomListClass.csproj", "{87EFC57D-EB1F-40B5-8651-08275CEFA249}"
EndProject
Project("{FAE04EC0-301F-11D3-BF4B-00C04F79EFBC}") = "CustomListTesting", "..\CustomListTesting\CustomListTesting.csproj", "{B09833BD-2361-419C-900F-749A38100103}"
EndProject
Global
	GlobalSection(SolutionConfigurationPlatforms) = preSolution
		Debug|Any CPU = Debug|Any CPU
		Release|Any CPU = Release|Any CPU
	EndGlobalSection
	GlobalSection(ProjectConfigurationPlatforms) = postSolution
		{87EFC57D-EB1F-40B5-8651-08275CEFA249}.Debug|Any CPU.ActiveCfg = Debug|Any CPU
		{87EFC57D-EB1F-40B5-8651-08275CEFA249}.Debug|Any CPU.Build.0 = Debug|Any CPU
		{87EFC57D-EB1F-40B5-8651-08275CEFA249}.Release|Any CPU.ActiveCfg = Release|Any CPU
		{87EFC57D-EB1F-40B5-8651-08275CEFA249}.Release|Any CPU.Build.0 = Release|Any CPU
		{B09833BD-2361-419C-900F-749A38100103}.Debug|Any CPU.ActiveCfg = Debug|Any CPU
		{B09833BD-2361-419C-900F-749A38100103}.Debug|Any CPU.Build.0 = Debug|Any CPU
		{B09833BD-2361-419C-900F-749A38100103}.Release|Any CPU.ActiveCfg = Release|Any CPU
		{B09833BD-2361-419C-900F-749A38100103}.Release|Any CPU.Build.0 = Release|Any CPU
	EndGlobalSection
	GlobalSection(SolutionProperties) = preSolution
		HideSolutionNode = FALSE
	EndGlobalSection
EndGlobal
